
Microsoft Visual Studio Solution File, Format Version 12.00
# Visual Studio 15
VisualStudioVersion = 15.0.27703.2000
MinimumVisualStudioVersion = 10.0.40219.1
Project("{8BC9CEB8-8B4A-11D0-8D11-00A0C91BC942}") = "GraphAdvance", "GraphAdvance\GraphAdvance.vcxproj", "{06BD0B73-3B89-4DE9-AFD8-13E7CFE76A95}"
EndProject
Global
	GlobalSection(SolutionConfigurationPlatforms) = preSolution
		Debug|x64 = Debug|x64
		Debug|x86 = Debug|x86
		Release|x64 = Release|x64
		Release|x86 = Release|x86
	EndGlobalSection
	GlobalSection(ProjectConfigurationPlatforms) = postSolution
		{06BD0B73-3B89-4DE9-AFD8-13E7CFE76A95}.Debug|x64.ActiveCfg = Debug|x64
		{06BD0B73-3B89-4DE9-AFD8-13E7CFE76A95}.Debug|x64.Build.0 = Debug|x64
		{06BD0B73-3B89-4DE9-AFD8-13E7CFE76A95}.Debug|x86.ActiveCfg = Debug|Win32
		{06BD0B73-3B89-4DE9-AFD8-13E7CFE76A95}.Debug|x86.Build.0 = Debug|Win32
		{06BD0B73-3B89-4DE9-AFD8-13E7CFE76A95}.Release|x64.ActiveCfg = Release|x64
		{06BD0B73-3B89-4DE9-AFD8-13E7CFE76A95}.Release|x64.Build.0 = Release|x64
		{06BD0B73-3B89-4DE9-AFD8-13E7CFE76A95}.Release|x86.ActiveCfg = Release|Win32
		{06BD0B73-3B89-4DE9-AFD8-13E7CFE76A95}.Release|x86.Build.0 = Release|Win32
	EndGlobalSection
	GlobalSection(SolutionProperties) = preSolution
		HideSolutionNode = FALSE
	EndGlobalSection
	GlobalSection(ExtensibilityGlobals) = postSolution
		SolutionGuid = {55D19C99-B29B-4BB8-99AF-0092547F787E}
	EndGlobalSection
EndGlobal
